// !$*UTF8*$!
{
	archiveVersion = 1;
	classes = {
	};
	objectVersion = 50;
	objects = {

/* Begin PBXBuildFile section */
		C28566832681D7BF0021B0D7 /* AppDelegate.swift in Sources */ = {isa = PBXBuildFile; fileRef = C28566822681D7BF0021B0D7 /* AppDelegate.swift */; };
		C28566852681D7BF0021B0D7 /* SceneDelegate.swift in Sources */ = {isa = PBXBuildFile; fileRef = C28566842681D7BF0021B0D7 /* SceneDelegate.swift */; };
		C285668A2681D7BF0021B0D7 /* Main.storyboard in Resources */ = {isa = PBXBuildFile; fileRef = C28566882681D7BF0021B0D7 /* Main.storyboard */; };
		C285668C2681D7C10021B0D7 /* Assets.xcassets in Resources */ = {isa = PBXBuildFile; fileRef = C285668B2681D7C10021B0D7 /* Assets.xcassets */; };
		C285668F2681D7C10021B0D7 /* LaunchScreen.storyboard in Resources */ = {isa = PBXBuildFile; fileRef = C285668D2681D7C10021B0D7 /* LaunchScreen.storyboard */; };
		C28566972681D99C0021B0D7 /* DetailedViewController.swift in Sources */ = {isa = PBXBuildFile; fileRef = C28566962681D99C0021B0D7 /* DetailedViewController.swift */; };
		C2D0C7812681E0FF00A749FD /* uk@3x.png in Resources */ = {isa = PBXBuildFile; fileRef = C2D0C7692681E0FE00A749FD /* uk@3x.png */; };
		C2D0C7822681E0FF00A749FD /* russia@2x.png in Resources */ = {isa = PBXBuildFile; fileRef = C2D0C76A2681E0FE00A749FD /* russia@2x.png */; };
		C2D0C7832681E0FF00A749FD /* spain@2x.png in Resources */ = {isa = PBXBuildFile; fileRef = C2D0C76B2681E0FE00A749FD /* spain@2x.png */; };
		C2D0C7842681E0FF00A749FD /* estonia@2x.png in Resources */ = {isa = PBXBuildFile; fileRef = C2D0C76C2681E0FE00A749FD /* estonia@2x.png */; };
		C2D0C7852681E0FF00A749FD /* poland@3x.png in Resources */ = {isa = PBXBuildFile; fileRef = C2D0C76D2681E0FE00A749FD /* poland@3x.png */; };
		C2D0C7862681E0FF00A749FD /* germany@2x.png in Resources */ = {isa = PBXBuildFile; fileRef = C2D0C76E2681E0FE00A749FD /* germany@2x.png */; };
		C2D0C7872681E0FF00A749FD /* ireland@2x.png in Resources */ = {isa = PBXBuildFile; fileRef = C2D0C76F2681E0FE00A749FD /* ireland@2x.png */; };
		C2D0C7882681E0FF00A749FD /* france@3x.png in Resources */ = {isa = PBXBuildFile; fileRef = C2D0C7702681E0FE00A749FD /* france@3x.png */; };
		C2D0C7892681E0FF00A749FD /* italy@2x.png in Resources */ = {isa = PBXBuildFile; fileRef = C2D0C7712681E0FE00A749FD /* italy@2x.png */; };
		C2D0C78A2681E0FF00A749FD /* france@2x.png in Resources */ = {isa = PBXBuildFile; fileRef = C2D0C7722681E0FE00A749FD /* france@2x.png */; };
		C2D0C78B2681E0FF00A749FD /* russia@3x.png in Resources */ = {isa = PBXBuildFile; fileRef = C2D0C7732681E0FE00A749FD /* russia@3x.png */; };
		C2D0C78C2681E0FF00A749FD /* monaco@2x.png in Resources */ = {isa = PBXBuildFile; fileRef = C2D0C7742681E0FE00A749FD /* monaco@2x.png */; };
		C2D0C78D2681E0FF00A749FD /* monaco@3x.png in Resources */ = {isa = PBXBuildFile; fileRef = C2D0C7752681E0FE00A749FD /* monaco@3x.png */; };
		C2D0C78E2681E0FF00A749FD /* estonia@3x.png in Resources */ = {isa = PBXBuildFile; fileRef = C2D0C7762681E0FE00A749FD /* estonia@3x.png */; };
		C2D0C78F2681E0FF00A749FD /* nigeria@2x.png in Resources */ = {isa = PBXBuildFile; fileRef = C2D0C7772681E0FE00A749FD /* nigeria@2x.png */; };
		C2D0C7902681E0FF00A749FD /* italy@3x.png in Resources */ = {isa = PBXBuildFile; fileRef = C2D0C7782681E0FE00A749FD /* italy@3x.png */; };
		C2D0C7912681E0FF00A749FD /* spain@3x.png in Resources */ = {isa = PBXBuildFile; fileRef = C2D0C7792681E0FE00A749FD /* spain@3x.png */; };
		C2D0C7922681E0FF00A749FD /* poland@2x.png in Resources */ = {isa = PBXBuildFile; fileRef = C2D0C77A2681E0FE00A749FD /* poland@2x.png */; };
		C2D0C7932681E0FF00A749FD /* us@2x.png in Resources */ = {isa = PBXBuildFile; fileRef = C2D0C77B2681E0FE00A749FD /* us@2x.png */; };
		C2D0C7942681E0FF00A749FD /* us@3x.png in Resources */ = {isa = PBXBuildFile; fileRef = C2D0C77C2681E0FF00A749FD /* us@3x.png */; };
		C2D0C7952681E0FF00A749FD /* nigeria@3x.png in Resources */ = {isa = PBXBuildFile; fileRef = C2D0C77D2681E0FF00A749FD /* nigeria@3x.png */; };
		C2D0C7962681E0FF00A749FD /* germany@3x.png in Resources */ = {isa = PBXBuildFile; fileRef = C2D0C77E2681E0FF00A749FD /* germany@3x.png */; };
		C2D0C7972681E0FF00A749FD /* uk@2x.png in Resources */ = {isa = PBXBuildFile; fileRef = C2D0C77F2681E0FF00A749FD /* uk@2x.png */; };
		C2D0C7982681E0FF00A749FD /* ireland@3x.png in Resources */ = {isa = PBXBuildFile; fileRef = C2D0C7802681E0FF00A749FD /* ireland@3x.png */; };
		C2D0C7BC2681E96E00A749FD /* TableViewController.swift in Sources */ = {isa = PBXBuildFile; fileRef = C2D0C7BB2681E96E00A749FD /* TableViewController.swift */; };
/* End PBXBuildFile section */

/* Begin PBXFileReference section */
		C285667F2681D7BF0021B0D7 /* Guess the flag milestone 1.app */ = {isa = PBXFileReference; explicitFileType = wrapper.application; includeInIndex = 0; path = "Guess the flag milestone 1.app"; sourceTree = BUILT_PRODUCTS_DIR; };
		C28566822681D7BF0021B0D7 /* AppDelegate.swift */ = {isa = PBXFileReference; lastKnownFileType = sourcecode.swift; path = AppDelegate.swift; sourceTree = "<group>"; };
		C28566842681D7BF0021B0D7 /* SceneDelegate.swift */ = {isa = PBXFileReference; lastKnownFileType = sourcecode.swift; path = SceneDelegate.swift; sourceTree = "<group>"; };
		C28566892681D7BF0021B0D7 /* Base */ = {isa = PBXFileReference; lastKnownFileType = file.storyboard; name = Base; path = Base.lproj/Main.storyboard; sourceTree = "<group>"; };
		C285668B2681D7C10021B0D7 /* Assets.xcassets */ = {isa = PBXFileReference; lastKnownFileType = folder.assetcatalog; path = Assets.xcassets; sourceTree = "<group>"; };
		C285668E2681D7C10021B0D7 /* Base */ = {isa = PBXFileReference; lastKnownFileType = file.storyboard; name = Base; path = Base.lproj/LaunchScreen.storyboard; sourceTree = "<group>"; };
		C28566902681D7C10021B0D7 /* Info.plist */ = {isa = PBXFileReference; lastKnownFileType = text.plist.xml; path = Info.plist; sourceTree = "<group>"; };
		C28566962681D99C0021B0D7 /* DetailedViewController.swift */ = {isa = PBXFileReference; lastKnownFileType = sourcecode.swift; path = DetailedViewController.swift; sourceTree = "<group>"; };
		C2D0C7692681E0FE00A749FD /* uk@3x.png */ = {isa = PBXFileReference; lastKnownFileType = image.png; path = "uk@3x.png"; sourceTree = "<group>"; };
		C2D0C76A2681E0FE00A749FD /* russia@2x.png */ = {isa = PBXFileReference; lastKnownFileType = image.png; path = "russia@2x.png"; sourceTree = "<group>"; };
		C2D0C76B2681E0FE00A749FD /* spain@2x.png */ = {isa = PBXFileReference; lastKnownFileType = image.png; path = "spain@2x.png"; sourceTree = "<group>"; };
		C2D0C76C2681E0FE00A749FD /* estonia@2x.png */ = {isa = PBXFileReference; lastKnownFileType = image.png; path = "estonia@2x.png"; sourceTree = "<group>"; };
		C2D0C76D2681E0FE00A749FD /* poland@3x.png */ = {isa = PBXFileReference; lastKnownFileType = image.png; path = "poland@3x.png"; sourceTree = "<group>"; };
		C2D0C76E2681E0FE00A749FD /* germany@2x.png */ = {isa = PBXFileReference; lastKnownFileType = image.png; path = "germany@2x.png"; sourceTree = "<group>"; };
		C2D0C76F2681E0FE00A749FD /* ireland@2x.png */ = {isa = PBXFileReference; lastKnownFileType = image.png; path = "ireland@2x.png"; sourceTree = "<group>"; };
		C2D0C7702681E0FE00A749FD /* france@3x.png */ = {isa = PBXFileReference; lastKnownFileType = image.png; path = "france@3x.png"; sourceTree = "<group>"; };
		C2D0C7712681E0FE00A749FD /* italy@2x.png */ = {isa = PBXFileReference; lastKnownFileType = image.png; path = "italy@2x.png"; sourceTree = "<group>"; };
		C2D0C7722681E0FE00A749FD /* france@2x.png */ = {isa = PBXFileReference; lastKnownFileType = image.png; path = "france@2x.png"; sourceTree = "<group>"; };
		C2D0C7732681E0FE00A749FD /* russia@3x.png */ = {isa = PBXFileReference; lastKnownFileType = image.png; path = "russia@3x.png"; sourceTree = "<group>"; };
		C2D0C7742681E0FE00A749FD /* monaco@2x.png */ = {isa = PBXFileReference; lastKnownFileType = image.png; path = "monaco@2x.png"; sourceTree = "<group>"; };
		C2D0C7752681E0FE00A749FD /* monaco@3x.png */ = {isa = PBXFileReference; lastKnownFileType = image.png; path = "monaco@3x.png"; sourceTree = "<group>"; };
		C2D0C7762681E0FE00A749FD /* estonia@3x.png */ = {isa = PBXFileReference; lastKnownFileType = image.png; path = "estonia@3x.png"; sourceTree = "<group>"; };
		C2D0C7772681E0FE00A749FD /* nigeria@2x.png */ = {isa = PBXFileReference; lastKnownFileType = image.png; path = "nigeria@2x.png"; sourceTree = "<group>"; };
		C2D0C7782681E0FE00A749FD /* italy@3x.png */ = {isa = PBXFileReference; lastKnownFileType = image.png; path = "italy@3x.png"; sourceTree = "<group>"; };
		C2D0C7792681E0FE00A749FD /* spain@3x.png */ = {isa = PBXFileReference; lastKnownFileType = image.png; path = "spain@3x.png"; sourceTree = "<group>"; };
		C2D0C77A2681E0FE00A749FD /* poland@2x.png */ = {isa = PBXFileReference; lastKnownFileType = image.png; path = "poland@2x.png"; sourceTree = "<group>"; };
		C2D0C77B2681E0FE00A749FD /* us@2x.png */ = {isa = PBXFileReference; lastKnownFileType = image.png; path = "us@2x.png"; sourceTree = "<group>"; };
		C2D0C77C2681E0FF00A749FD /* us@3x.png */ = {isa = PBXFileReference; lastKnownFileType = image.png; path = "us@3x.png"; sourceTree = "<group>"; };
		C2D0C77D2681E0FF00A749FD /* nigeria@3x.png */ = {isa = PBXFileReference; lastKnownFileType = image.png; path = "nigeria@3x.png"; sourceTree = "<group>"; };
		C2D0C77E2681E0FF00A749FD /* germany@3x.png */ = {isa = PBXFileReference; lastKnownFileType = image.png; path = "germany@3x.png"; sourceTree = "<group>"; };
		C2D0C77F2681E0FF00A749FD /* uk@2x.png */ = {isa = PBXFileReference; lastKnownFileType = image.png; path = "uk@2x.png"; sourceTree = "<group>"; };
		C2D0C7802681E0FF00A749FD /* ireland@3x.png */ = {isa = PBXFileReference; lastKnownFileType = image.png; path = "ireland@3x.png"; sourceTree = "<group>"; };
		C2D0C7BB2681E96E00A749FD /* TableViewController.swift */ = {isa = PBXFileReference; lastKnownFileType = sourcecode.swift; path = TableViewController.swift; sourceTree = "<group>"; };
/* End PBXFileReference section */

/* Begin PBXFrameworksBuildPhase section */
		C285667C2681D7BF0021B0D7 /* Frameworks */ = {
			isa = PBXFrameworksBuildPhase;
			buildActionMask = 2147483647;
			files = (
			);
			runOnlyForDeploymentPostprocessing = 0;
		};
/* End PBXFrameworksBuildPhase section */

/* Begin PBXGroup section */
		C28566762681D7BF0021B0D7 = {
			isa = PBXGroup;
			children = (
				C28566812681D7BF0021B0D7 /* Guess the flag milestone 1 */,
				C28566802681D7BF0021B0D7 /* Products */,
			);
			sourceTree = "<group>";
		};
		C28566802681D7BF0021B0D7 /* Products */ = {
			isa = PBXGroup;
			children = (
				C285667F2681D7BF0021B0D7 /* Guess the flag milestone 1.app */,
			);
			name = Products;
			sourceTree = "<group>";
		};
		C28566812681D7BF0021B0D7 /* Guess the flag milestone 1 */ = {
			isa = PBXGroup;
			children = (
				C28566822681D7BF0021B0D7 /* AppDelegate.swift */,
				C28566842681D7BF0021B0D7 /* SceneDelegate.swift */,
				C2D0C7BB2681E96E00A749FD /* TableViewController.swift */,
				C28566962681D99C0021B0D7 /* DetailedViewController.swift */,
				C28566882681D7BF0021B0D7 /* Main.storyboard */,
				C285668B2681D7C10021B0D7 /* Assets.xcassets */,
				C285668D2681D7C10021B0D7 /* LaunchScreen.storyboard */,
				C28566902681D7C10021B0D7 /* Info.plist */,
				C2D0C7682681E0BE00A749FD /* content */,
			);
			path = "Guess the flag milestone 1";
			sourceTree = "<group>";
		};
		C2D0C7682681E0BE00A749FD /* content */ = {
			isa = PBXGroup;
			children = (
				C2D0C76C2681E0FE00A749FD /* estonia@2x.png */,
				C2D0C7762681E0FE00A749FD /* estonia@3x.png */,
				C2D0C7722681E0FE00A749FD /* france@2x.png */,
				C2D0C7702681E0FE00A749FD /* france@3x.png */,
				C2D0C76E2681E0FE00A749FD /* germany@2x.png */,
				C2D0C77E2681E0FF00A749FD /* germany@3x.png */,
				C2D0C76F2681E0FE00A749FD /* ireland@2x.png */,
				C2D0C7802681E0FF00A749FD /* ireland@3x.png */,
				C2D0C7712681E0FE00A749FD /* italy@2x.png */,
				C2D0C7782681E0FE00A749FD /* italy@3x.png */,
				C2D0C7742681E0FE00A749FD /* monaco@2x.png */,
				C2D0C7752681E0FE00A749FD /* monaco@3x.png */,
				C2D0C7772681E0FE00A749FD /* nigeria@2x.png */,
				C2D0C77D2681E0FF00A749FD /* nigeria@3x.png */,
				C2D0C77A2681E0FE00A749FD /* poland@2x.png */,
				C2D0C76D2681E0FE00A749FD /* poland@3x.png */,
				C2D0C76A2681E0FE00A749FD /* russia@2x.png */,
				C2D0C7732681E0FE00A749FD /* russia@3x.png */,
				C2D0C76B2681E0FE00A749FD /* spain@2x.png */,
				C2D0C7792681E0FE00A749FD /* spain@3x.png */,
				C2D0C77F2681E0FF00A749FD /* uk@2x.png */,
				C2D0C7692681E0FE00A749FD /* uk@3x.png */,
				C2D0C77B2681E0FE00A749FD /* us@2x.png */,
				C2D0C77C2681E0FF00A749FD /* us@3x.png */,
			);
			path = content;
			sourceTree = "<group>";
		};
/* End PBXGroup section */

/* Begin PBXNativeTarget section */
		C285667E2681D7BF0021B0D7 /* Guess the flag milestone 1 */ = {
			isa = PBXNativeTarget;
			buildConfigurationList = C28566932681D7C10021B0D7 /* Build configuration list for PBXNativeTarget "Guess the flag milestone 1" */;
			buildPhases = (
				C285667B2681D7BF0021B0D7 /* Sources */,
				C285667C2681D7BF0021B0D7 /* Frameworks */,
				C285667D2681D7BF0021B0D7 /* Resources */,
			);
			buildRules = (
			);
			dependencies = (
			);
			name = "Guess the flag milestone 1";
			productName = "Guess the flag milestone 1";
			productReference = C285667F2681D7BF0021B0D7 /* Guess the flag milestone 1.app */;
			productType = "com.apple.product-type.application";
		};
/* End PBXNativeTarget section */

/* Begin PBXProject section */
		C28566772681D7BF0021B0D7 /* Project object */ = {
			isa = PBXProject;
			attributes = {
				LastSwiftUpdateCheck = 1250;
				LastUpgradeCheck = 1250;
				TargetAttributes = {
					C285667E2681D7BF0021B0D7 = {
						CreatedOnToolsVersion = 12.5;
					};
				};
			};
			buildConfigurationList = C285667A2681D7BF0021B0D7 /* Build configuration list for PBXProject "Guess the flag milestone 1" */;
			compatibilityVersion = "Xcode 9.3";
			developmentRegion = en;
			hasScannedForEncodings = 0;
			knownRegions = (
				en,
				Base,
			);
			mainGroup = C28566762681D7BF0021B0D7;
			productRefGroup = C28566802681D7BF0021B0D7 /* Products */;
			projectDirPath = "";
			projectRoot = "";
			targets = (
				C285667E2681D7BF0021B0D7 /* Guess the flag milestone 1 */,
			);
		};
/* End PBXProject section */

/* Begin PBXResourcesBuildPhase section */
		C285667D2681D7BF0021B0D7 /* Resources */ = {
			isa = PBXResourcesBuildPhase;
			buildActionMask = 2147483647;
			files = (
				C2D0C7972681E0FF00A749FD /* uk@2x.png in Resources */,
				C2D0C78F2681E0FF00A749FD /* nigeria@2x.png in Resources */,
				C2D0C7892681E0FF00A749FD /* italy@2x.png in Resources */,
				C285668F2681D7C10021B0D7 /* LaunchScreen.storyboard in Resources */,
				C2D0C7852681E0FF00A749FD /* poland@3x.png in Resources */,
				C2D0C78C2681E0FF00A749FD /* monaco@2x.png in Resources */,
				C285668C2681D7C10021B0D7 /* Assets.xcassets in Resources */,
				C285668A2681D7BF0021B0D7 /* Main.storyboard in Resources */,
				C2D0C78A2681E0FF00A749FD /* france@2x.png in Resources */,
				C2D0C7962681E0FF00A749FD /* germany@3x.png in Resources */,
				C2D0C7842681E0FF00A749FD /* estonia@2x.png in Resources */,
				C2D0C78D2681E0FF00A749FD /* monaco@3x.png in Resources */,
				C2D0C78E2681E0FF00A749FD /* estonia@3x.png in Resources */,
				C2D0C7942681E0FF00A749FD /* us@3x.png in Resources */,
				C2D0C7822681E0FF00A749FD /* russia@2x.png in Resources */,
				C2D0C78B2681E0FF00A749FD /* russia@3x.png in Resources */,
				C2D0C7912681E0FF00A749FD /* spain@3x.png in Resources */,
				C2D0C7982681E0FF00A749FD /* ireland@3x.png in Resources */,
				C2D0C7832681E0FF00A749FD /* spain@2x.png in Resources */,
				C2D0C7812681E0FF00A749FD /* uk@3x.png in Resources */,
				C2D0C7932681E0FF00A749FD /* us@2x.png in Resources */,
				C2D0C7872681E0FF00A749FD /* ireland@2x.png in Resources */,
				C2D0C7952681E0FF00A749FD /* nigeria@3x.png in Resources */,
				C2D0C7882681E0FF00A749FD /* france@3x.png in Resources */,
				C2D0C7862681E0FF00A749FD /* germany@2x.png in Resources */,
				C2D0C7902681E0FF00A749FD /* italy@3x.png in Resources */,
				C2D0C7922681E0FF00A749FD /* poland@2x.png in Resources */,
			);
			runOnlyForDeploymentPostprocessing = 0;
		};
/* End PBXResourcesBuildPhase section */

/* Begin PBXSourcesBuildPhase section */
		C285667B2681D7BF0021B0D7 /* Sources */ = {
			isa = PBXSourcesBuildPhase;
			buildActionMask = 2147483647;
			files = (
				C28566832681D7BF0021B0D7 /* AppDelegate.swift in Sources */,
				C28566972681D99C0021B0D7 /* DetailedViewController.swift in Sources */,
				C28566852681D7BF0021B0D7 /* SceneDelegate.swift in Sources */,
				C2D0C7BC2681E96E00A749FD /* TableViewController.swift in Sources */,
			);
			runOnlyForDeploymentPostprocessing = 0;
		};
/* End PBXSourcesBuildPhase section */

/* Begin PBXVariantGroup section */
		C28566882681D7BF0021B0D7 /* Main.storyboard */ = {
			isa = PBXVariantGroup;
			children = (
				C28566892681D7BF0021B0D7 /* Base */,
			);
			name = Main.storyboard;
			sourceTree = "<group>";
		};
		C285668D2681D7C10021B0D7 /* LaunchScreen.storyboard */ = {
			isa = PBXVariantGroup;
			children = (
				C285668E2681D7C10021B0D7 /* Base */,
			);
			name = LaunchScreen.storyboard;
			sourceTree = "<group>";
		};
/* End PBXVariantGroup section */

/* Begin XCBuildConfiguration section */
		C28566912681D7C10021B0D7 /* Debug */ = {
			isa = XCBuildConfiguration;
			buildSettings = {
				ALWAYS_SEARCH_USER_PATHS = NO;
				CLANG_ANALYZER_NONNULL = YES;
				CLANG_ANALYZER_NUMBER_OBJECT_CONVERSION = YES_AGGRESSIVE;
				CLANG_CXX_LANGUAGE_STANDARD = "gnu++14";
				CLANG_CXX_LIBRARY = "libc++";
				CLANG_ENABLE_MODULES = YES;
				CLANG_ENABLE_OBJC_ARC = YES;
				CLANG_ENABLE_OBJC_WEAK = YES;
				CLANG_WARN_BLOCK_CAPTURE_AUTORELEASING = YES;
				CLANG_WARN_BOOL_CONVERSION = YES;
				CLANG_WARN_COMMA = YES;
				CLANG_WARN_CONSTANT_CONVERSION = YES;
				CLANG_WARN_DEPRECATED_OBJC_IMPLEMENTATIONS = YES;
				CLANG_WARN_DIRECT_OBJC_ISA_USAGE = YES_ERROR;
				CLANG_WARN_DOCUMENTATION_COMMENTS = YES;
				CLANG_WARN_EMPTY_BODY = YES;
				CLANG_WARN_ENUM_CONVERSION = YES;
				CLANG_WARN_INFINITE_RECURSION = YES;
				CLANG_WARN_INT_CONVERSION = YES;
				CLANG_WARN_NON_LITERAL_NULL_CONVERSION = YES;
				CLANG_WARN_OBJC_IMPLICIT_RETAIN_SELF = YES;
				CLANG_WARN_OBJC_LITERAL_CONVERSION = YES;
				CLANG_WARN_OBJC_ROOT_CLASS = YES_ERROR;
				CLANG_WARN_QUOTED_INCLUDE_IN_FRAMEWORK_HEADER = YES;
				CLANG_WARN_RANGE_LOOP_ANALYSIS = YES;
				CLANG_WARN_STRICT_PROTOTYPES = YES;
				CLANG_WARN_SUSPICIOUS_MOVE = YES;
				CLANG_WARN_UNGUARDED_AVAILABILITY = YES_AGGRESSIVE;
				CLANG_WARN_UNREACHABLE_CODE = YES;
				CLANG_WARN__DUPLICATE_METHOD_MATCH = YES;
				COPY_PHASE_STRIP = NO;
				DEBUG_INFORMATION_FORMAT = dwarf;
				ENABLE_STRICT_OBJC_MSGSEND = YES;
				ENABLE_TESTABILITY = YES;
				GCC_C_LANGUAGE_STANDARD = gnu11;
				GCC_DYNAMIC_NO_PIC = NO;
				GCC_NO_COMMON_BLOCKS = YES;
				GCC_OPTIMIZATION_LEVEL = 0;
				GCC_PREPROCESSOR_DEFINITIONS = (
					"DEBUG=1",
					"$(inherited)",
				);
				GCC_WARN_64_TO_32_BIT_CONVERSION = YES;
				GCC_WARN_ABOUT_RETURN_TYPE = YES_ERROR;
				GCC_WARN_UNDECLARED_SELECTOR = YES;
				GCC_WARN_UNINITIALIZED_AUTOS = YES_AGGRESSIVE;
				GCC_WARN_UNUSED_FUNCTION = YES;
				GCC_WARN_UNUSED_VARIABLE = YES;
				IPHONEOS_DEPLOYMENT_TARGET = 14.5;
				MTL_ENABLE_DEBUG_INFO = INCLUDE_SOURCE;
				MTL_FAST_MATH = YES;
				ONLY_ACTIVE_ARCH = YES;
				SDKROOT = iphoneos;
				SWIFT_ACTIVE_COMPILATION_CONDITIONS = DEBUG;
				SWIFT_OPTIMIZATION_LEVEL = "-Onone";
			};
			name = Debug;
		};
		C28566922681D7C10021B0D7 /* Release */ = {
			isa = XCBuildConfiguration;
			buildSettings = {
				ALWAYS_SEARCH_USER_PATHS = NO;
				CLANG_ANALYZER_NONNULL = YES;
				CLANG_ANALYZER_NUMBER_OBJECT_CONVERSION = YES_AGGRESSIVE;
				CLANG_CXX_LANGUAGE_STANDARD = "gnu++14";
				CLANG_CXX_LIBRARY = "libc++";
				CLANG_ENABLE_MODULES = YES;
				CLANG_ENABLE_OBJC_ARC = YES;
				CLANG_ENABLE_OBJC_WEAK = YES;
				CLANG_WARN_BLOCK_CAPTURE_AUTORELEASING = YES;
				CLANG_WARN_BOOL_CONVERSION = YES;
				CLANG_WARN_COMMA = YES;
				CLANG_WARN_CONSTANT_CONVERSION = YES;
				CLANG_WARN_DEPRECATED_OBJC_IMPLEMENTATIONS = YES;
				CLANG_WARN_DIRECT_OBJC_ISA_USAGE = YES_ERROR;
				CLANG_WARN_DOCUMENTATION_COMMENTS = YES;
				CLANG_WARN_EMPTY_BODY = YES;
				CLANG_WARN_ENUM_CONVERSION = YES;
				CLANG_WARN_INFINITE_RECURSION = YES;
				CLANG_WARN_INT_CONVERSION = YES;
				CLANG_WARN_NON_LITERAL_NULL_CONVERSION = YES;
				CLANG_WARN_OBJC_IMPLICIT_RETAIN_SELF = YES;
				CLANG_WARN_OBJC_LITERAL_CONVERSION = YES;
				CLANG_WARN_OBJC_ROOT_CLASS = YES_ERROR;
				CLANG_WARN_QUOTED_INCLUDE_IN_FRAMEWORK_HEADER = YES;
				CLANG_WARN_RANGE_LOOP_ANALYSIS = YES;
				CLANG_WARN_STRICT_PROTOTYPES = YES;
				CLANG_WARN_SUSPICIOUS_MOVE = YES;
				CLANG_WARN_UNGUARDED_AVAILABILITY = YES_AGGRESSIVE;
				CLANG_WARN_UNREACHABLE_CODE = YES;
				CLANG_WARN__DUPLICATE_METHOD_MATCH = YES;
				COPY_PHASE_STRIP = NO;
				DEBUG_INFORMATION_FORMAT = "dwarf-with-dsym";
				ENABLE_NS_ASSERTIONS = NO;
				ENABLE_STRICT_OBJC_MSGSEND = YES;
				GCC_C_LANGUAGE_STANDARD = gnu11;
				GCC_NO_COMMON_BLOCKS = YES;
				GCC_WARN_64_TO_32_BIT_CONVERSION = YES;
				GCC_WARN_ABOUT_RETURN_TYPE = YES_ERROR;
				GCC_WARN_UNDECLARED_SELECTOR = YES;
				GCC_WARN_UNINITIALIZED_AUTOS = YES_AGGRESSIVE;
				GCC_WARN_UNUSED_FUNCTION = YES;
				GCC_WARN_UNUSED_VARIABLE = YES;
				IPHONEOS_DEPLOYMENT_TARGET = 14.5;
				MTL_ENABLE_DEBUG_INFO = NO;
				MTL_FAST_MATH = YES;
				SDKROOT = iphoneos;
				SWIFT_COMPILATION_MODE = wholemodule;
				SWIFT_OPTIMIZATION_LEVEL = "-O";
				VALIDATE_PRODUCT = YES;
			};
			name = Release;
		};
		C28566942681D7C10021B0D7 /* Debug */ = {
			isa = XCBuildConfiguration;
			buildSettings = {
				ASSETCATALOG_COMPILER_APPICON_NAME = AppIcon;
				ASSETCATALOG_COMPILER_GLOBAL_ACCENT_COLOR_NAME = AccentColor;
				CODE_SIGN_STYLE = Automatic;
				DEVELOPMENT_TEAM = C3M56A453W;
				INFOPLIST_FILE = "Guess the flag milestone 1/Info.plist";
				LD_RUNPATH_SEARCH_PATHS = (
					"$(inherited)",
					"@executable_path/Frameworks",
				);
				PRODUCT_BUNDLE_IDENTIFIER = "online.swampios.Guess-the-flag-milestone-1";
				PRODUCT_NAME = "$(TARGET_NAME)";
				SWIFT_VERSION = 5.0;
				TARGETED_DEVICE_FAMILY = 1;
			};
			name = Debug;
		};
		C28566952681D7C10021B0D7 /* Release */ = {
			isa = XCBuildConfiguration;
			buildSettings = {
				ASSETCATALOG_COMPILER_APPICON_NAME = AppIcon;
				ASSETCATALOG_COMPILER_GLOBAL_ACCENT_COLOR_NAME = AccentColor;
				CODE_SIGN_STYLE = Automatic;
				DEVELOPMENT_TEAM = C3M56A453W;
				INFOPLIST_FILE = "Guess the flag milestone 1/Info.plist";
				LD_RUNPATH_SEARCH_PATHS = (
					"$(inherited)",
					"@executable_path/Frameworks",
				);
				PRODUCT_BUNDLE_IDENTIFIER = "online.swampios.Guess-the-flag-milestone-1";
				PRODUCT_NAME = "$(TARGET_NAME)";
				SWIFT_VERSION = 5.0;
				TARGETED_DEVICE_FAMILY = 1;
			};
			name = Release;
		};
/* End XCBuildConfiguration section */

/* Begin XCConfigurationList section */
		C285667A2681D7BF0021B0D7 /* Build configuration list for PBXProject "Guess the flag milestone 1" */ = {
			isa = XCConfigurationList;
			buildConfigurations = (
				C28566912681D7C10021B0D7 /* Debug */,
				C28566922681D7C10021B0D7 /* Release */,
			);
			defaultConfigurationIsVisible = 0;
			defaultConfigurationName = Release;
		};
		C28566932681D7C10021B0D7 /* Build configuration list for PBXNativeTarget "Guess the flag milestone 1" */ = {
			isa = XCConfigurationList;
			buildConfigurations = (
				C28566942681D7C10021B0D7 /* Debug */,
				C28566952681D7C10021B0D7 /* Release */,
			);
			defaultConfigurationIsVisible = 0;
			defaultConfigurationName = Release;
		};
/* End XCConfigurationList section */
	};
	rootObject = C28566772681D7BF0021B0D7 /* Project object */;
}
